{
  "nodes": {
    "crane": {
      "locked": {
        "lastModified": 1777335812,
        "narHash": "sha256-bEg5xoAxAwsyfnGhkEX7RJViTIBIYPd8ISg4O1c0HFc=",
        "owner": "ipetkov",
        "repo": "crane",
        "rev": "5e0fb2f64edff2822249f21293b8304dedaaf676",
        "type": "github"
      },
      "original": {
        "owner": "ipetkov",
        "repo": "crane",
        "type": "github"
      }
    },
    "neomacs": {
      "inputs": {
        "crane": "crane",
        "nix-wpe-webkit": "nix-wpe-webkit",
        "nixpkgs": "nixpkgs_2",
        "rust-overlay": "rust-overlay"
      },
      "locked": {
        "lastModified": 1788091935,
        "narHash": "sha256-O5bxwjmZF0KydcF04Y8IAZlmxRT4MlvoL3Wh3BZU920=",
        "owner": "eval-exec",
        "repo": "neomacs",
        "rev": "57c77eff73e893903299bc38064d3f18563a64af",
        "type": "github"
      },
      "original": {
        "owner": "eval-exec",
        "ref": "main",
        "repo": "neomacs",
        "type": "github"
      }
    },
    "nix-wpe-webkit": {
      "inputs": {
        "nixpkgs": "nixpkgs"
      },
      "locked": {
        "lastModified": 1770385823,
        "narHash": "sha256-x+JrlE1TjyplLR5wdCOi37vH/OhPk/Alt8Q8lTq8LKQ=",
        "owner": "eval-exec",
        "repo": "nix-wpe-webkit",
        "rev": "039c6905b9fe233cd731d06d425762546073094f",
        "type": "github"
      },
      "original": {
        "owner": "eval-exec",
        "repo": "nix-wpe-webkit",
        "type": "github"
      }
    },
    "nixpkgs": {
      "locked": {
        "lastModified": 1770197578,
        "narHash": "sha256-AYqlWrX09+HvGs8zM6ebZ1pwUqjkfpnv8mewYwAo+iM=",
        "owner": "NixOS",
        "repo": "nixpkgs",
        "rev": "00c21e4c93d963c50d4c0c89bfa84ed6e0694df2",
        "type": "github"
      },
      "original": {
        "owner": "NixOS",
        "ref": "nixos-unstable",
        "repo": "nixpkgs",
        "type": "github"
      }
    },
    "nixpkgs_2": {
      "locked": {
        "lastModified": 1777270315,
        "narHash": "sha256-yKB4G6cKsQsWN7M6rZGk6gkJPDNPIzT05y4qzRyCDlI=",
        "owner": "NixOS",
        "repo": "nixpkgs",
        "rev": "6368eda62c9775c38ef7f714b2555a741c20c72d",
        "type": "github"
      },
      "original": {
        "owner": "NixOS",
        "ref": "nixpkgs-unstable",
        "repo": "nixpkgs",
        "type": "github"
      }
    },
    "nixpkgs_3": {
      "locked": {
        "lastModified": 1744536153,
        "narHash": "sha256-awS2zRgF4uTwrOKwwiJcByDzDOdo3Q1rPZbiHQg/N38=",
        "owner": "NixOS",
        "repo": "nixpkgs",
        "rev": "18dd725c29603f582cf1900e0d25f9f1063dbf11",
        "type": "github"
      },
      "original": {
        "owner": "NixOS",
        "ref": "nixpkgs-unstable",
        "repo": "nixpkgs",
        "type": "github"
      }
    },
    "nixpkgs_4": {
      "locked": {
        "lastModified": 1785301185,
        "narHash": "sha256-eoS3KQTO0aPWXZvIaRbRAzSSHW3l5wdMFXtT1ISfoKA=",
        "owner": "NixOS",
        "repo": "nixpkgs",
        "rev": "9bc02893134c733dd85de46ee4fb2fac696b5529",
        "type": "github"
      },
      "original": {
        "owner": "NixOS",
        "ref": "nixpkgs-unstable",
        "repo": "nixpkgs",
        "type": "github"
      }
    },
    "root": {
      "inputs": {
        "neomacs": "neomacs",
        "nixpkgs": "nixpkgs_4"
      }
    },
    "rust-overlay": {
      "inputs": {
        "nixpkgs": "nixpkgs_3"
      },
      "locked": {
        "lastModified": 1784091390,
        "narHash": "sha256-aILAwrBQPhKldL98N8lmsbfst3OPtbMM4vT2VXn40/Y=",
        "owner": "oxalica",
        "repo": "rust-overlay",
        "rev": "a7887636a3959168bd1ba7ef24a8a70b168dcb56",
        "type": "github"
      },
      "original": {
        "owner": "oxalica",
        "repo": "rust-overlay",
        "type": "github"
      }
    }
  },
  "root": "root",
  "version": 7
}
